
Microsoft Visual Studio Solution File, Format Version 12.00
# Visual Studio 15
VisualStudioVersion = 15.0.28010.2046
MinimumVisualStudioVersion = 10.0.40219.1
Project("{FAE04EC0-301F-11D3-BF4B-00C04F79EFBC}") = "TravelMinded.Web", "TravelMinded.Web\TravelMinded.Web.csproj", "{0BC7B40F-0773-49F5-950A-CD5464D4BD22}"
EndProject
Global
	GlobalSection(SolutionConfigurationPlatforms) = preSolution
		Debug|Any CPU = Debug|Any CPU
		Release|Any CPU = Release|Any CPU
	EndGlobalSection
	GlobalSection(ProjectConfigurationPlatforms) = postSolution
		{0BC7B40F-0773-49F5-950A-CD5464D4BD22}.Debug|Any CPU.ActiveCfg = Debug|Any CPU
		{0BC7B40F-0773-49F5-950A-CD5464D4BD22}.Debug|Any CPU.Build.0 = Debug|Any CPU
		{0BC7B40F-0773-49F5-950A-CD5464D4BD22}.Release|Any CPU.ActiveCfg = Release|Any CPU
		{0BC7B40F-0773-49F5-950A-CD5464D4BD22}.Release|Any CPU.Build.0 = Release|Any CPU
	EndGlobalSection
	GlobalSection(SolutionProperties) = preSolution
		HideSolutionNode = FALSE
	EndGlobalSection
	GlobalSection(ExtensibilityGlobals) = postSolution
		SolutionGuid = {50907E56-8472-4AFF-A3B5-2E8DDABB7DA6}
	EndGlobalSection
EndGlobal
